
Microsoft Visual Studio Solution File, Format Version 12.00
# Visual Studio Version 16
VisualStudioVersion = 16.0.30204.135
MinimumVisualStudioVersion = 10.0.40219.1
Project("{F184B08F-C81C-45F6-A57F-5ABD9991F28F}") = "Server Registry", "Server Registry.vbproj", "{C62D7D30-028E-470A-849B-68560968103E}"
EndProject
Global
	GlobalSection(SolutionConfigurationPlatforms) = preSolution
		Debug|Any CPU = Debug|Any CPU
		Release|Any CPU = Release|Any CPU
	EndGlobalSection
	GlobalSection(ProjectConfigurationPlatforms) = postSolution
		{C62D7D30-028E-470A-849B-68560968103E}.Debug|Any CPU.ActiveCfg = Debug|Any CPU
		{C62D7D30-028E-470A-849B-68560968103E}.Debug|Any CPU.Build.0 = Debug|Any CPU
		{C62D7D30-028E-470A-849B-68560968103E}.Release|Any CPU.ActiveCfg = Release|Any CPU
		{C62D7D30-028E-470A-849B-68560968103E}.Release|Any CPU.Build.0 = Release|Any CPU
	EndGlobalSection
	GlobalSection(SolutionProperties) = preSolution
		HideSolutionNode = FALSE
	EndGlobalSection
	GlobalSection(ExtensibilityGlobals) = postSolution
		SolutionGuid = {990A30E9-FBAF-4EC1-9A39-CE35F1E56CE3}
	EndGlobalSection
EndGlobal
